
Microsoft Visual Studio Solution File, Format Version 12.00
# Visual Studio 15
VisualStudioVersion = 15.0.28307.271
MinimumVisualStudioVersion = 10.0.40219.1
Project("{F184B08F-C81C-45F6-A57F-5ABD9991F28F}") = "WCF_SQL", "WcfService13\WCF_SQL.vbproj", "{E9805748-DBC0-4EBF-A18B-65CB6A263C2B}"
EndProject
Project("{F184B08F-C81C-45F6-A57F-5ABD9991F28F}") = "SQL_WinForm_Client", "SQL_WinForm_Client\SQL_WinForm_Client.vbproj", "{032014F8-1FA0-464A-8429-C5DF5D655F0D}"
	ProjectSection(ProjectDependencies) = postProject
		{E9805748-DBC0-4EBF-A18B-65CB6A263C2B} = {E9805748-DBC0-4EBF-A18B-65CB6A263C2B}
	EndProjectSection
EndProject
Project("{F184B08F-C81C-45F6-A57F-5ABD9991F28F}") = "KV_COM_LB", "KV_COM_LB\KV_COM_LB.vbproj", "{B615CE90-511B-4B42-8F6E-8E985D14A042}"
EndProject
Project("{F184B08F-C81C-45F6-A57F-5ABD9991F28F}") = "TcpClient_WinForm", "TcpClient_WinForm\TcpClient_WinForm.vbproj", "{740F3562-1F07-43A1-86AA-4C84083B8286}"
EndProject
Project("{F184B08F-C81C-45F6-A57F-5ABD9991F28F}") = "WebApp_WcfKVHost_SQL", "WebApp_WcfKVHost_SQL\WebApp_WcfKVHost_SQL.vbproj", "{CD8E53D2-B177-494B-AE08-1CEEF98E43D7}"
	ProjectSection(ProjectDependencies) = postProject
		{1C9E3A41-B780-4E6F-BECA-1100DFF96FBD} = {1C9E3A41-B780-4E6F-BECA-1100DFF96FBD}
	EndProjectSection
EndProject
Project("{F184B08F-C81C-45F6-A57F-5ABD9991F28F}") = "Wcf_Data_Test", "Wcf_Data_Test\Wcf_Data_Test.vbproj", "{718C2DC1-95B1-4905-86A7-A7F15718984A}"
EndProject
Project("{F184B08F-C81C-45F6-A57F-5ABD9991F28F}") = "WCF_KVHOSTLINK", "WCF_KVHOSTLINK\WCF_KVHOSTLINK.vbproj", "{1C9E3A41-B780-4E6F-BECA-1100DFF96FBD}"
EndProject
Global
	GlobalSection(SolutionConfigurationPlatforms) = preSolution
		Debug|Any CPU = Debug|Any CPU
		Release|Any CPU = Release|Any CPU
	EndGlobalSection
	GlobalSection(ProjectConfigurationPlatforms) = postSolution
		{E9805748-DBC0-4EBF-A18B-65CB6A263C2B}.Debug|Any CPU.ActiveCfg = Debug|Any CPU
		{E9805748-DBC0-4EBF-A18B-65CB6A263C2B}.Debug|Any CPU.Build.0 = Debug|Any CPU
		{E9805748-DBC0-4EBF-A18B-65CB6A263C2B}.Release|Any CPU.ActiveCfg = Release|Any CPU
		{E9805748-DBC0-4EBF-A18B-65CB6A263C2B}.Release|Any CPU.Build.0 = Release|Any CPU
		{032014F8-1FA0-464A-8429-C5DF5D655F0D}.Debug|Any CPU.ActiveCfg = Debug|Any CPU
		{032014F8-1FA0-464A-8429-C5DF5D655F0D}.Debug|Any CPU.Build.0 = Debug|Any CPU
		{032014F8-1FA0-464A-8429-C5DF5D655F0D}.Release|Any CPU.ActiveCfg = Release|Any CPU
		{032014F8-1FA0-464A-8429-C5DF5D655F0D}.Release|Any CPU.Build.0 = Release|Any CPU
		{B615CE90-511B-4B42-8F6E-8E985D14A042}.Debug|Any CPU.ActiveCfg = Debug|Any CPU
		{B615CE90-511B-4B42-8F6E-8E985D14A042}.Debug|Any CPU.Build.0 = Debug|Any CPU
		{B615CE90-511B-4B42-8F6E-8E985D14A042}.Release|Any CPU.ActiveCfg = Release|Any CPU
		{B615CE90-511B-4B42-8F6E-8E985D14A042}.Release|Any CPU.Build.0 = Release|Any CPU
		{740F3562-1F07-43A1-86AA-4C84083B8286}.Debug|Any CPU.ActiveCfg = Debug|Any CPU
		{740F3562-1F07-43A1-86AA-4C84083B8286}.Debug|Any CPU.Build.0 = Debug|Any CPU
		{740F3562-1F07-43A1-86AA-4C84083B8286}.Release|Any CPU.ActiveCfg = Release|Any CPU
		{740F3562-1F07-43A1-86AA-4C84083B8286}.Release|Any CPU.Build.0 = Release|Any CPU
		{CD8E53D2-B177-494B-AE08-1CEEF98E43D7}.Debug|Any CPU.ActiveCfg = Debug|Any CPU
		{CD8E53D2-B177-494B-AE08-1CEEF98E43D7}.Debug|Any CPU.Build.0 = Debug|Any CPU
		{CD8E53D2-B177-494B-AE08-1CEEF98E43D7}.Release|Any CPU.ActiveCfg = Release|Any CPU
		{CD8E53D2-B177-494B-AE08-1CEEF98E43D7}.Release|Any CPU.Build.0 = Release|Any CPU
		{718C2DC1-95B1-4905-86A7-A7F15718984A}.Debug|Any CPU.ActiveCfg = Debug|Any CPU
		{718C2DC1-95B1-4905-86A7-A7F15718984A}.Debug|Any CPU.Build.0 = Debug|Any CPU
		{718C2DC1-95B1-4905-86A7-A7F15718984A}.Release|Any CPU.ActiveCfg = Release|Any CPU
		{718C2DC1-95B1-4905-86A7-A7F15718984A}.Release|Any CPU.Build.0 = Release|Any CPU
		{1C9E3A41-B780-4E6F-BECA-1100DFF96FBD}.Debug|Any CPU.ActiveCfg = Debug|Any CPU
		{1C9E3A41-B780-4E6F-BECA-1100DFF96FBD}.Debug|Any CPU.Build.0 = Debug|Any CPU
		{1C9E3A41-B780-4E6F-BECA-1100DFF96FBD}.Release|Any CPU.ActiveCfg = Release|Any CPU
		{1C9E3A41-B780-4E6F-BECA-1100DFF96FBD}.Release|Any CPU.Build.0 = Release|Any CPU
	EndGlobalSection
	GlobalSection(SolutionProperties) = preSolution
		HideSolutionNode = FALSE
	EndGlobalSection
	GlobalSection(ExtensibilityGlobals) = postSolution
		SolutionGuid = {AD69B89A-825A-4987-B92D-5FFD8F8560ED}
	EndGlobalSection
EndGlobal
